dependencies:
- name: cf-common
  repository: oci://quay.io/codefresh/charts
  version: 0.18.1
- name: internal-gateway
  repository: oci://quay.io/codefresh/charts
  version: 0.11.0
- name: consul
  repository: https://charts.bitnami.com/bitnami
  version: 11.4.32
- name: mongodb
  repository: https://charts.bitnami.com/bitnami
  version: 15.6.26
- name: postgresql
  repository: https://charts.bitnami.com/bitnami
  version: 16.7.15
- name: postgresql-ha
  repository: oci://quay.io/codefresh/charts
  version: 12.0.4
- name: redis
  repository: https://charts.bitnami.com/bitnami
  version: 20.13.4
- name: redis-ha
  repository: https://dandydeveloper.github.io/charts
  version: 4.26.1
- name: rabbitmq
  repository: https://charts.bitnami.com/bitnami
  version: 15.5.3
- name: nats
  repository: https://charts.bitnami.com/bitnami
  version: 9.0.22
- name: builder
  repository: oci://quay.io/codefresh/charts/dev
  version: 2.0.0
- name: ingress-nginx
  repository: https://kubernetes.github.io/ingress-nginx
  version: 4.12.5
- name: cluster-providers
  repository: oci://quay.io/codefresh/charts
  version: 1.18.0
- name: kube-integration
  repository: oci://quay.io/codefresh/charts
  version: 1.32.0
- name: charts-manager
  repository: oci://quay.io/codefresh/charts
  version: 1.25.0
- name: cfsign
  repository: oci://quay.io/codefresh/charts
  version: 1.8.10
- name: tasker-kubernetes
  repository: oci://quay.io/codefresh/charts
  version: 1.27.0
- name: context-manager
  repository: oci://quay.io/codefresh/charts
  version: 2.36.0
- name: pipeline-manager
  repository: oci://quay.io/codefresh/charts
  version: 3.141.0
- name: gitops-dashboard-manager
  repository: oci://quay.io/codefresh/charts
  version: 1.15.0
- name: cfapi
  repository: oci://quay.io/codefresh/charts
  version: 21.291.7
- name: cfapi
  repository: oci://quay.io/codefresh/charts
  version: 21.291.7
- name: cfapi
  repository: oci://quay.io/codefresh/charts
  version: 21.291.7
- name: cfapi
  repository: oci://quay.io/codefresh/charts
  version: 21.291.7
- name: cfapi
  repository: oci://quay.io/codefresh/charts
  version: 21.291.7
- name: cfapi
  repository: oci://quay.io/codefresh/charts
  version: 21.291.7
- name: cfapi
  repository: oci://quay.io/codefresh/charts
  version: 21.291.7
- name: cfapi
  repository: oci://quay.io/codefresh/charts
  version: 21.291.7
- name: cfapi
  repository: oci://quay.io/codefresh/charts
  version: 21.291.7
- name: cfapi
  repository: oci://quay.io/codefresh/charts
  version: 21.291.7
- name: cfapi
  repository: oci://quay.io/codefresh/charts
  version: 21.291.7
- name: cfapi
  repository: oci://quay.io/codefresh/charts
  version: 21.291.7
- name: cfapi
  repository: oci://quay.io/codefresh/charts
  version: 21.291.7
- name: cfapi
  repository: oci://quay.io/codefresh/charts
  version: 21.291.7
- name: cfapi
  repository: oci://quay.io/codefresh/charts
  version: 21.291.7
- name: cfapi
  repository: oci://quay.io/codefresh/charts
  version: 21.291.7
- name: cfapi
  repository: oci://quay.io/codefresh/charts
  version: 21.291.7
- name: cfapi
  repository: oci://quay.io/codefresh/charts
  version: 21.291.7
- name: cfui
  repository: oci://quay.io/codefresh/charts
  version: 14.99.34
- name: k8s-monitor
  repository: oci://quay.io/codefresh/charts
  version: 4.11.16
- name: runtime-environment-manager
  repository: oci://quay.io/codefresh/charts
  version: 3.43.0
- name: cf-broadcaster
  repository: oci://quay.io/codefresh/charts
  version: 1.14.0
- name: helm-repo-manager
  repository: oci://quay.io/codefresh/charts
  version: 0.20.2
- name: hermes
  repository: oci://quay.io/codefresh/charts
  version: 0.21.21
- name: nomios
  repository: oci://quay.io/codefresh/charts
  version: 0.11.11
- name: cronus
  repository: oci://quay.io/codefresh/charts
  version: 0.8.12
- name: cf-platform-analytics
  repository: oci://quay.io/codefresh/charts
  version: 0.51.0
- name: cf-platform-analytics
  repository: oci://quay.io/codefresh/charts
  version: 0.51.0
- name: argo-platform
  repository: oci://quay.io/codefresh/charts
  version: 1.3728.0
- name: argo-hub-platform
  repository: oci://quay.io/codefresh/charts
  version: 0.1.27
- name: cf-oidc-provider
  repository: oci://quay.io/codefresh/charts
  version: 0.1.0
- name: mailer
  repository: oci://quay.io/codefresh/charts
  version: 1.21.0
- name: payments
  repository: oci://quay.io/codefresh/charts
  version: 2.24.1
- name: segment-reporter
  repository: oci://quay.io/codefresh/charts
  version: 1.18.0
- name: salesforce-reporter
  repository: oci://quay.io/codefresh/charts
  version: 1.30.11
digest: sha256:0c279c1100957c6e34ee053e05ce59e5c10ca83b1d4995320682254700d3c978
generated: "2025-09-02T17:05:39.300533+03:00"
