dependencies:
- name: consul
  repository: https://charts.bitnami.com/bitnami
  version: 10.6.1
- name: mongodb
  repository: file://pv-charts/mongodb
  version: 0.4.13
- name: postgresql
  repository: file://pv-charts/postgresql
  version: 0.7.2
- name: redis
  repository: https://charts.bitnami.com/bitnami
  version: 16.13.0
- name: rabbitmq
  repository: https://charts.bitnami.com/bitnami
  version: 10.1.8
- name: nats
  repository: https://charts.bitnami.com/bitnami
  version: 7.4.8
- name: builder
  repository: https://chartmuseum.codefresh.io/builder
  version: 1.0.2
- name: ingress-nginx
  repository: https://kubernetes.github.io/ingress-nginx
  version: 4.1.0
- name: cluster-providers
  repository: https://chartmuseum.codefresh.io/cluster-providers
  version: 1.10.23
- name: kube-integration
  repository: https://chartmuseum.codefresh.io/kube-integration
  version: 1.25.23
- name: charts-manager
  repository: https://chartmuseum.codefresh.io/charts-manager
  version: 1.9.13
- name: cfsign
  repository: https://chartmuseum.codefresh.io/cfsign
  version: 1.4.1
- name: tasker-kubernetes
  repository: https://chartmuseum.codefresh.io/tasker-kubernetes
  version: 1.17.7
- name: context-manager
  repository: https://chartmuseum.codefresh.io/context-manager
  version: 2.20.35
- name: pipeline-manager
  repository: https://chartmuseum.codefresh.io/pipeline-manager
  version: 3.121.22
- name: gitops-dashboard-manager
  repository: https://chartmuseum.codefresh.io/gitops-dashboard-manager
  version: 1.8.2
- name: cfapi
  repository: https://chartmuseum.codefresh.io/cfapi
  version: 21.164.23
- name: cfapi-internal
  repository: https://chartmuseum.codefresh.io/cfapi-internal
  version: 21.164.23
- name: cfapi-ws
  repository: https://chartmuseum.codefresh.io/cfapi-ws
  version: 21.164.23
- name: cfapi-admin
  repository: https://chartmuseum.codefresh.io/cfapi-admin
  version: 21.164.23
- name: cfapi-endpoints
  repository: https://chartmuseum.codefresh.io/cfapi-endpoints
  version: 21.164.23
- name: cfapi-terminators
  repository: https://chartmuseum.codefresh.io/cfapi-terminators
  version: 21.164.23
- name: cfapi-sso-group-synchronizer
  repository: https://chartmuseum.codefresh.io/cfapi-sso-group-synchronizer
  version: 21.164.23
- name: cfapi-buildmanager
  repository: https://chartmuseum.codefresh.io/cfapi-buildmanager
  version: 21.164.23
- name: cfapi-cacheevictmanager
  repository: https://chartmuseum.codefresh.io/cfapi-cacheevictmanager
  version: 21.164.23
- name: cfapi-eventsmanagersubscriptions
  repository: https://chartmuseum.codefresh.io/cfapi-eventsmanagersubscriptions
  version: 21.164.23
- name: cfapi-kubernetesresourcemonitor
  repository: https://chartmuseum.codefresh.io/cfapi-kubernetesresourcemonitor
  version: 21.164.23
- name: cfapi-environments
  repository: https://chartmuseum.codefresh.io/cfapi-environments
  version: 21.164.23
- name: cfapi-gitops-resource-receiver
  repository: https://chartmuseum.codefresh.io/cfapi-gitops-resource-receiver
  version: 21.164.23
- name: cfapi-downloadlogmanager
  repository: https://chartmuseum.codefresh.io/cfapi-downloadlogmanager
  version: 21.164.23
- name: cfui
  repository: https://chartmuseum.codefresh.io/cfui
  version: 14.71.8
- name: k8s-monitor
  repository: https://chartmuseum.codefresh.io/k8s-monitor
  version: 4.8.29
- name: runtime-environment-manager
  repository: https://chartmuseum.codefresh.io/runtime-environment-manager
  version: 3.22.1
- name: cf-broadcaster
  repository: https://chartmuseum.codefresh.io/cf-broadcaster
  version: 1.10.19
- name: helm-repo-manager
  repository: https://chartmuseum.codefresh.io/helm-repo-manager
  version: 0.9.4
- name: hermes
  repository: https://chartmuseum.codefresh.io/hermes
  version: 0.18.1
- name: nomios
  repository: https://chartmuseum.codefresh.io/nomios
  version: 0.9.12
- name: cronus
  repository: https://chartmuseum.codefresh.io/cronus
  version: 0.6.7
digest: sha256:34a7fc8086093f867796a04cd470e4a3f9496a67fb68c3af82d884351bc5daf3
generated: "2022-12-22T20:58:44.1464365+03:00"
