dependencies:
- name: cf-common
  repository: oci://quay.io/codefresh/charts
  version: 0.16.0
- name: internal-gateway
  repository: oci://quay.io/codefresh/charts
  version: 0.3.1
- name: consul
  repository: https://charts.bitnami.com/bitnami
  version: 10.13.9
- name: mongodb
  repository: https://charts.bitnami.com/bitnami
  version: 13.12.1
- name: postgresql
  repository: https://charts.bitnami.com/bitnami
  version: 12.5.1
- name: redis
  repository: https://charts.bitnami.com/bitnami
  version: 18.1.6
- name: rabbitmq
  repository: https://charts.bitnami.com/bitnami
  version: 12.2.5
- name: nats
  repository: https://charts.bitnami.com/bitnami
  version: 7.9.9
- name: builder
  repository: oci://quay.io/codefresh/charts
  version: 1.3.0
- name: runner
  repository: oci://quay.io/codefresh/charts
  version: 1.3.0
- name: ingress-nginx
  repository: https://kubernetes.github.io/ingress-nginx
  version: 4.7.1
- name: cluster-providers
  repository: oci://quay.io/codefresh/charts
  version: 1.16.8
- name: kube-integration
  repository: oci://quay.io/codefresh/charts
  version: 1.31.2
- name: charts-manager
  repository: oci://quay.io/codefresh/charts
  version: 1.16.6
- name: cfsign
  repository: oci://quay.io/codefresh/charts
  version: 1.6.4
- name: tasker-kubernetes
  repository: oci://quay.io/codefresh/charts
  version: 1.24.8
- name: context-manager
  repository: oci://quay.io/codefresh/charts
  version: 2.26.8
- name: pipeline-manager
  repository: oci://quay.io/codefresh/charts
  version: 3.131.14
- name: gitops-dashboard-manager
  repository: oci://quay.io/codefresh/charts
  version: 1.14.7
- name: cfapi
  repository: https://chartmuseum.codefresh.io/cfapi
  version: 21.234.10
- name: cfapi
  repository: https://chartmuseum.codefresh.io/cfapi
  version: 21.234.10
- name: cfapi
  repository: https://chartmuseum.codefresh.io/cfapi
  version: 21.234.10
- name: cfapi
  repository: https://chartmuseum.codefresh.io/cfapi
  version: 21.234.10
- name: cfapi
  repository: https://chartmuseum.codefresh.io/cfapi
  version: 21.234.10
- name: cfapi
  repository: https://chartmuseum.codefresh.io/cfapi
  version: 21.234.10
- name: cfapi
  repository: https://chartmuseum.codefresh.io/cfapi
  version: 21.234.10
- name: cfapi
  repository: https://chartmuseum.codefresh.io/cfapi
  version: 21.234.10
- name: cfapi
  repository: https://chartmuseum.codefresh.io/cfapi
  version: 21.234.10
- name: cfapi
  repository: https://chartmuseum.codefresh.io/cfapi
  version: 21.234.10
- name: cfapi
  repository: https://chartmuseum.codefresh.io/cfapi
  version: 21.234.10
- name: cfapi
  repository: https://chartmuseum.codefresh.io/cfapi
  version: 21.234.10
- name: cfapi
  repository: https://chartmuseum.codefresh.io/cfapi
  version: 21.234.10
- name: cfapi
  repository: https://chartmuseum.codefresh.io/cfapi
  version: 21.234.10
- name: cfapi
  repository: https://chartmuseum.codefresh.io/cfapi
  version: 21.234.10
- name: cfapi
  repository: https://chartmuseum.codefresh.io/cfapi
  version: 21.234.10
- name: cfapi
  repository: https://chartmuseum.codefresh.io/cfapi
  version: 21.234.10
- name: cfui
  repository: https://chartmuseum.codefresh.io/cfui
  version: 14.91.94
- name: k8s-monitor
  repository: oci://quay.io/codefresh/charts
  version: 4.11.5
- name: runtime-environment-manager
  repository: oci://quay.io/codefresh/charts
  version: 3.33.2
- name: cf-broadcaster
  repository: oci://quay.io/codefresh/charts
  version: 1.12.7
- name: helm-repo-manager
  repository: oci://quay.io/codefresh/charts
  version: 0.13.4
- name: hermes
  repository: oci://quay.io/codefresh/charts
  version: 0.21.7
- name: nomios
  repository: oci://quay.io/codefresh/charts
  version: 0.11.4
- name: cronus
  repository: oci://quay.io/codefresh/charts
  version: 0.8.4
- name: cf-platform-analytics
  repository: oci://quay.io/codefresh/charts
  version: 0.49.19
- name: cf-platform-analytics
  repository: oci://quay.io/codefresh/charts
  version: 0.49.19
- name: argo-platform
  repository: oci://quay.io/codefresh/charts
  version: 1.2491.1
- name: argo-hub-platform
  repository: oci://quay.io/codefresh/charts
  version: 0.1.7
- name: codefresh-tunnel-server
  repository: oci://quay.io/codefresh/charts
  version: 0.1.16
- name: cf-oidc-provider
  repository: oci://quay.io/codefresh/charts
  version: 0.0.10
digest: sha256:94d6783d267968a6cdf8110424f6c0662799382e255eeaeb361ab9a8cb29d910
generated: "2023-10-24T20:03:55.281689338+03:00"
