dependencies:
- name: consul
  repository: file://pv-charts/consul
  version: 1.1.2
- name: mongodb
  repository: file://pv-charts/mongodb
  version: 0.4.12
- name: postgresql
  repository: file://pv-charts/postgresql
  version: 0.7.1
- name: redis
  repository: file://pv-charts/redis
  version: 0.8.0
- name: rabbitmq
  repository: file://pv-charts/rabbitmq
  version: 0.6.15
- name: nats
  repository: file://../nats
  version: 0.1.1
- name: builder
  repository: file://local-charts/builder
  version: 0.1.4
- name: runner
  repository: file://local-charts/runner
  version: 0.1.4
- name: registry
  repository: file://../registry
  version: 0.1.2
- name: ingress
  repository: file://../ingress
  version: 0.1.8
- name: cluster-providers
  repository: http://chartmuseum.codefresh.io
  version: 1.0.5
- name: kube-integration
  repository: http://chartmuseum.codefresh.io
  version: 1.6.0
- name: accounts-referrals
  repository: http://chartmuseum-dev.codefresh.io
  version: 1.0.2-istio-poc
- name: charts-manager
  repository: http://chartmuseum.codefresh.io
  version: 1.0.8
- name: mailer
  repository: http://chartmuseum.codefresh.io
  version: 1.0.54
- name: payments
  repository: http://chartmuseum.codefresh.io
  version: 1.5.0
- name: cfsign
  repository: http://chartmuseum.codefresh.io
  version: 1.0.6
- name: segment-reporter
  repository: http://chartmuseum.codefresh.io
  version: 1.0.3
- name: salesforce-reporter
  repository: http://chartmuseum.codefresh.io
  version: 1.0.7
- name: tasker-kubernetes
  repository: http://chartmuseum.codefresh.io
  version: 1.0.5
- name: context-manager
  repository: http://chartmuseum.codefresh.io
  version: 1.2.2
- name: pipeline-manager
  repository: http://chartmuseum-dev.codefresh.io
  version: 3.26.3-istio-poc
- name: cfapi
  repository: http://chartmuseum-dev.codefresh.io
  version: 6.25.1-istio-poc
- name: cfui
  repository: http://chartmuseum-dev.codefresh.io
  version: 4.9.14-istio-poc
- name: onboarding-status
  repository: http://chartmuseum-dev.codefresh.io
  version: 1.0.59-istio-poc
- name: runtime-environment-manager
  repository: http://chartmuseum-dev.codefresh.io
  version: 3.1.0-istio-poc
- name: cf-broadcaster
  repository: http://chartmuseum-dev.codefresh.io
  version: 1.0.34-istio-poc
- name: helm-repo-manager
  repository: http://chartmuseum.codefresh.io
  version: 0.4.1
- name: hermes
  repository: http://chartmuseum.codefresh.io
  version: 0.10.3
- name: nomios
  repository: http://chartmuseum-dev.codefresh.io
  version: 0.5.2-istio-poc
- name: cronus
  repository: http://chartmuseum.codefresh.io
  version: 0.3.1
digest: sha256:ba4dff531179faacd2cf3d99f48512a414eaaff11d4ce0d09032313b3ad1b391
generated: 2019-06-30T15:33:44.588354905Z
