dependencies:
- name: consul
  repository: file://pv-charts/consul
  version: 1.1.2
- name: mongodb
  repository: file://pv-charts/mongodb
  version: 0.4.12
- name: postgresql
  repository: file://pv-charts/postgresql
  version: 0.7.1
- name: redis
  repository: file://pv-charts/redis
  version: 0.8.0
- name: rabbitmq
  repository: file://pv-charts/rabbitmq
  version: 0.6.15
- name: nats
  repository: file://../nats
  version: 0.1.1
- name: builder
  repository: file://local-charts/builder
  version: 0.1.4
- name: runner
  repository: file://local-charts/runner
  version: 0.1.4
- name: registry
  repository: file://../registry
  version: 0.1.2
- name: ingress
  repository: file://../ingress
  version: 0.1.8
- name: cluster-providers
  repository: http://chartmuseum.codefresh.io
  version: 1.0.2
- name: kube-integration
  repository: http://chartmuseum.codefresh.io
  version: 1.4.6
- name: accounts-referrals
  repository: http://chartmuseum.codefresh.io
  version: 1.0.1
- name: charts-manager
  repository: http://chartmuseum.codefresh.io
  version: 1.0.3
- name: mailer
  repository: http://chartmuseum.codefresh.io
  version: 1.0.4
- name: payments
  repository: http://chartmuseum.codefresh.io
  version: 1.0.3
- name: cfsign
  repository: http://chartmuseum.codefresh.io
  version: 1.0.5
- name: segment-reporter
  repository: http://chartmuseum.codefresh.io
  version: 1.0.2
- name: salesforce-reporter
  repository: http://chartmuseum.codefresh.io
  version: 1.0.3
- name: tasker-kubernetes
  repository: http://chartmuseum.codefresh.io
  version: 1.0.3
- name: context-manager
  repository: http://chartmuseum.codefresh.io
  version: 1.0.26
- name: pipeline-manager
  repository: http://chartmuseum.codefresh.io
  version: 2.0.1
- name: cfapi
  repository: http://chartmuseum.codefresh.io
  version: 1.5.16
- name: cfui
  repository: http://chartmuseum.codefresh.io
  version: 2.10.8
- name: onboarding-status
  repository: http://chartmuseum.codefresh.io
  version: 1.0.58
- name: runtime-environment-manager
  repository: http://chartmuseum.codefresh.io
  version: 1.8.5
- name: cf-broadcaster
  repository: http://chartmuseum.codefresh.io
  version: 1.0.30
- name: helm-repo-manager
  repository: http://chartmuseum.codefresh.io
  version: 0.2.9
- name: hermes
  repository: http://chartmuseum.codefresh.io
  version: 0.9.29
- name: nomios
  repository: http://chartmuseum.codefresh.io
  version: 0.4.23
- name: cronus
  repository: http://chartmuseum.codefresh.io
  version: 0.2.16
digest: sha256:3b734dc0c87930d7ec2ad2c3f3550b0545d83413cc31e8ef08736953587fac6a
generated: 2019-04-20T07:16:32.905348382Z
